
Microsoft Visual Studio Solution File, Format Version 12.00
# Visual Studio Version 16
VisualStudioVersion = 16.0.30523.141
MinimumVisualStudioVersion = 10.0.40219.1
Project("{FAE04EC0-301F-11D3-BF4B-00C04F79EFBC}") = "Inl.uppgift.version1", "Inl.uppgift.version1.csproj", "{9635B059-49BF-497C-9225-D678AA83E1D0}"
EndProject
Global
	GlobalSection(SolutionConfigurationPlatforms) = preSolution
		Debug|Any CPU = Debug|Any CPU
		Release|Any CPU = Release|Any CPU
	EndGlobalSection
	GlobalSection(ProjectConfigurationPlatforms) = postSolution
		{9635B059-49BF-497C-9225-D678AA83E1D0}.Debug|Any CPU.ActiveCfg = Debug|Any CPU
		{9635B059-49BF-497C-9225-D678AA83E1D0}.Debug|Any CPU.Build.0 = Debug|Any CPU
		{9635B059-49BF-497C-9225-D678AA83E1D0}.Release|Any CPU.ActiveCfg = Release|Any CPU
		{9635B059-49BF-497C-9225-D678AA83E1D0}.Release|Any CPU.Build.0 = Release|Any CPU
	EndGlobalSection
	GlobalSection(SolutionProperties) = preSolution
		HideSolutionNode = FALSE
	EndGlobalSection
	GlobalSection(ExtensibilityGlobals) = postSolution
		SolutionGuid = {95C7CD19-E1E7-4987-82E5-07EE9C433B5E}
	EndGlobalSection
EndGlobal
